
Microsoft Visual Studio Solution File, Format Version 12.00
# Visual Studio 15
VisualStudioVersion = 15.0.27130.2036
MinimumVisualStudioVersion = 10.0.40219.1
Project("{FAE04EC0-301F-11D3-BF4B-00C04F79EFBC}") = "p474", "p474\p474.csproj", "{016FF740-F285-4E32-85A9-F2AF6B8F6C72}"
EndProject
Global
	GlobalSection(SolutionConfigurationPlatforms) = preSolution
		Debug|Any CPU = Debug|Any CPU
		Release|Any CPU = Release|Any CPU
	EndGlobalSection
	GlobalSection(ProjectConfigurationPlatforms) = postSolution
		{016FF740-F285-4E32-85A9-F2AF6B8F6C72}.Debug|Any CPU.ActiveCfg = Debug|Any CPU
		{016FF740-F285-4E32-85A9-F2AF6B8F6C72}.Debug|Any CPU.Build.0 = Debug|Any CPU
		{016FF740-F285-4E32-85A9-F2AF6B8F6C72}.Release|Any CPU.ActiveCfg = Release|Any CPU
		{016FF740-F285-4E32-85A9-F2AF6B8F6C72}.Release|Any CPU.Build.0 = Release|Any CPU
	EndGlobalSection
	GlobalSection(SolutionProperties) = preSolution
		HideSolutionNode = FALSE
	EndGlobalSection
	GlobalSection(ExtensibilityGlobals) = postSolution
		SolutionGuid = {82959697-32CE-44A5-AA30-42DA5A80C7BC}
	EndGlobalSection
EndGlobal
