
Microsoft Visual Studio Solution File, Format Version 12.00
# Visual Studio 15
VisualStudioVersion = 15.0.27130.2036
MinimumVisualStudioVersion = 10.0.40219.1
Project("{FAE04EC0-301F-11D3-BF4B-00C04F79EFBC}") = "p074", "p074\p074.csproj", "{F9D5B7B9-759F-419A-9ACF-ABCBE7752CBA}"
EndProject
Global
	GlobalSection(SolutionConfigurationPlatforms) = preSolution
		Debug|Any CPU = Debug|Any CPU
		Release|Any CPU = Release|Any CPU
	EndGlobalSection
	GlobalSection(ProjectConfigurationPlatforms) = postSolution
		{F9D5B7B9-759F-419A-9ACF-ABCBE7752CBA}.Debug|Any CPU.ActiveCfg = Debug|Any CPU
		{F9D5B7B9-759F-419A-9ACF-ABCBE7752CBA}.Debug|Any CPU.Build.0 = Debug|Any CPU
		{F9D5B7B9-759F-419A-9ACF-ABCBE7752CBA}.Release|Any CPU.ActiveCfg = Release|Any CPU
		{F9D5B7B9-759F-419A-9ACF-ABCBE7752CBA}.Release|Any CPU.Build.0 = Release|Any CPU
	EndGlobalSection
	GlobalSection(SolutionProperties) = preSolution
		HideSolutionNode = FALSE
	EndGlobalSection
	GlobalSection(ExtensibilityGlobals) = postSolution
		SolutionGuid = {87090577-E7CA-49CE-9FC0-A0F2EA9ABD20}
	EndGlobalSection
EndGlobal
