
Microsoft Visual Studio Solution File, Format Version 12.00
# Visual Studio 15
VisualStudioVersion = 15.0.27130.2036
MinimumVisualStudioVersion = 10.0.40219.1
Project("{FAE04EC0-301F-11D3-BF4B-00C04F79EFBC}") = "p422", "p422\p422.csproj", "{08A7AEC9-7AFD-4A50-8807-1E3D12A8B482}"
EndProject
Global
	GlobalSection(SolutionConfigurationPlatforms) = preSolution
		Debug|Any CPU = Debug|Any CPU
		Release|Any CPU = Release|Any CPU
	EndGlobalSection
	GlobalSection(ProjectConfigurationPlatforms) = postSolution
		{08A7AEC9-7AFD-4A50-8807-1E3D12A8B482}.Debug|Any CPU.ActiveCfg = Debug|Any CPU
		{08A7AEC9-7AFD-4A50-8807-1E3D12A8B482}.Debug|Any CPU.Build.0 = Debug|Any CPU
		{08A7AEC9-7AFD-4A50-8807-1E3D12A8B482}.Release|Any CPU.ActiveCfg = Release|Any CPU
		{08A7AEC9-7AFD-4A50-8807-1E3D12A8B482}.Release|Any CPU.Build.0 = Release|Any CPU
	EndGlobalSection
	GlobalSection(SolutionProperties) = preSolution
		HideSolutionNode = FALSE
	EndGlobalSection
	GlobalSection(ExtensibilityGlobals) = postSolution
		SolutionGuid = {B4D01318-184C-4493-8D59-6B808BC5F7AB}
	EndGlobalSection
EndGlobal
