
Microsoft Visual Studio Solution File, Format Version 12.00
# Visual Studio 15
VisualStudioVersion = 15.0.27130.2036
MinimumVisualStudioVersion = 10.0.40219.1
Project("{FAE04EC0-301F-11D3-BF4B-00C04F79EFBC}") = "p469", "p469\p469.csproj", "{DCE1C98F-D5E3-446A-9724-036FDB7739FE}"
EndProject
Global
	GlobalSection(SolutionConfigurationPlatforms) = preSolution
		Debug|Any CPU = Debug|Any CPU
		Release|Any CPU = Release|Any CPU
	EndGlobalSection
	GlobalSection(ProjectConfigurationPlatforms) = postSolution
		{DCE1C98F-D5E3-446A-9724-036FDB7739FE}.Debug|Any CPU.ActiveCfg = Debug|Any CPU
		{DCE1C98F-D5E3-446A-9724-036FDB7739FE}.Debug|Any CPU.Build.0 = Debug|Any CPU
		{DCE1C98F-D5E3-446A-9724-036FDB7739FE}.Release|Any CPU.ActiveCfg = Release|Any CPU
		{DCE1C98F-D5E3-446A-9724-036FDB7739FE}.Release|Any CPU.Build.0 = Release|Any CPU
	EndGlobalSection
	GlobalSection(SolutionProperties) = preSolution
		HideSolutionNode = FALSE
	EndGlobalSection
	GlobalSection(ExtensibilityGlobals) = postSolution
		SolutionGuid = {E958C645-AE32-4976-92E4-094CDB94ECBF}
	EndGlobalSection
EndGlobal
