
Microsoft Visual Studio Solution File, Format Version 12.00
# Visual Studio 15
VisualStudioVersion = 15.0.27130.2036
MinimumVisualStudioVersion = 10.0.40219.1
Project("{FAE04EC0-301F-11D3-BF4B-00C04F79EFBC}") = "p367", "p367\p367.csproj", "{29E16B5C-DAE0-43E4-899C-06A19C9C7B3E}"
EndProject
Global
	GlobalSection(SolutionConfigurationPlatforms) = preSolution
		Debug|Any CPU = Debug|Any CPU
		Release|Any CPU = Release|Any CPU
	EndGlobalSection
	GlobalSection(ProjectConfigurationPlatforms) = postSolution
		{29E16B5C-DAE0-43E4-899C-06A19C9C7B3E}.Debug|Any CPU.ActiveCfg = Debug|Any CPU
		{29E16B5C-DAE0-43E4-899C-06A19C9C7B3E}.Debug|Any CPU.Build.0 = Debug|Any CPU
		{29E16B5C-DAE0-43E4-899C-06A19C9C7B3E}.Release|Any CPU.ActiveCfg = Release|Any CPU
		{29E16B5C-DAE0-43E4-899C-06A19C9C7B3E}.Release|Any CPU.Build.0 = Release|Any CPU
	EndGlobalSection
	GlobalSection(SolutionProperties) = preSolution
		HideSolutionNode = FALSE
	EndGlobalSection
	GlobalSection(ExtensibilityGlobals) = postSolution
		SolutionGuid = {A1F90F98-98B8-4402-B2AF-306F38CE7F9F}
	EndGlobalSection
EndGlobal
