
Microsoft Visual Studio Solution File, Format Version 12.00
# Visual Studio 15
VisualStudioVersion = 15.0.27130.2036
MinimumVisualStudioVersion = 10.0.40219.1
Project("{FAE04EC0-301F-11D3-BF4B-00C04F79EFBC}") = "p160", "p160\p160.csproj", "{4E519E67-0606-4DDF-AD41-69D6642B7E36}"
EndProject
Global
	GlobalSection(SolutionConfigurationPlatforms) = preSolution
		Debug|Any CPU = Debug|Any CPU
		Release|Any CPU = Release|Any CPU
	EndGlobalSection
	GlobalSection(ProjectConfigurationPlatforms) = postSolution
		{4E519E67-0606-4DDF-AD41-69D6642B7E36}.Debug|Any CPU.ActiveCfg = Debug|Any CPU
		{4E519E67-0606-4DDF-AD41-69D6642B7E36}.Debug|Any CPU.Build.0 = Debug|Any CPU
		{4E519E67-0606-4DDF-AD41-69D6642B7E36}.Release|Any CPU.ActiveCfg = Release|Any CPU
		{4E519E67-0606-4DDF-AD41-69D6642B7E36}.Release|Any CPU.Build.0 = Release|Any CPU
	EndGlobalSection
	GlobalSection(SolutionProperties) = preSolution
		HideSolutionNode = FALSE
	EndGlobalSection
	GlobalSection(ExtensibilityGlobals) = postSolution
		SolutionGuid = {E626AF3C-CA78-470D-854D-39774586A2AE}
	EndGlobalSection
EndGlobal
