
Microsoft Visual Studio Solution File, Format Version 12.00
# Visual Studio 15
VisualStudioVersion = 15.0.27130.2036
MinimumVisualStudioVersion = 10.0.40219.1
Project("{FAE04EC0-301F-11D3-BF4B-00C04F79EFBC}") = "p283", "p283\p283.csproj", "{BBC3344B-0C3F-4BA9-8F28-8915F73577FF}"
EndProject
Global
	GlobalSection(SolutionConfigurationPlatforms) = preSolution
		Debug|Any CPU = Debug|Any CPU
		Release|Any CPU = Release|Any CPU
	EndGlobalSection
	GlobalSection(ProjectConfigurationPlatforms) = postSolution
		{BBC3344B-0C3F-4BA9-8F28-8915F73577FF}.Debug|Any CPU.ActiveCfg = Debug|Any CPU
		{BBC3344B-0C3F-4BA9-8F28-8915F73577FF}.Debug|Any CPU.Build.0 = Debug|Any CPU
		{BBC3344B-0C3F-4BA9-8F28-8915F73577FF}.Release|Any CPU.ActiveCfg = Release|Any CPU
		{BBC3344B-0C3F-4BA9-8F28-8915F73577FF}.Release|Any CPU.Build.0 = Release|Any CPU
	EndGlobalSection
	GlobalSection(SolutionProperties) = preSolution
		HideSolutionNode = FALSE
	EndGlobalSection
	GlobalSection(ExtensibilityGlobals) = postSolution
		SolutionGuid = {98BF9080-ABFA-4BDD-8B8E-F1740159AA86}
	EndGlobalSection
EndGlobal
