
Microsoft Visual Studio Solution File, Format Version 12.00
# Visual Studio 15
VisualStudioVersion = 15.0.27130.2036
MinimumVisualStudioVersion = 10.0.40219.1
Project("{FAE04EC0-301F-11D3-BF4B-00C04F79EFBC}") = "p034", "p034\p034.csproj", "{BB85A2AF-9E85-4B77-95CC-539C18E6DF4C}"
EndProject
Global
	GlobalSection(SolutionConfigurationPlatforms) = preSolution
		Debug|Any CPU = Debug|Any CPU
		Release|Any CPU = Release|Any CPU
	EndGlobalSection
	GlobalSection(ProjectConfigurationPlatforms) = postSolution
		{BB85A2AF-9E85-4B77-95CC-539C18E6DF4C}.Debug|Any CPU.ActiveCfg = Debug|Any CPU
		{BB85A2AF-9E85-4B77-95CC-539C18E6DF4C}.Debug|Any CPU.Build.0 = Debug|Any CPU
		{BB85A2AF-9E85-4B77-95CC-539C18E6DF4C}.Release|Any CPU.ActiveCfg = Release|Any CPU
		{BB85A2AF-9E85-4B77-95CC-539C18E6DF4C}.Release|Any CPU.Build.0 = Release|Any CPU
	EndGlobalSection
	GlobalSection(SolutionProperties) = preSolution
		HideSolutionNode = FALSE
	EndGlobalSection
	GlobalSection(ExtensibilityGlobals) = postSolution
		SolutionGuid = {6DA98C6C-E9BC-4E27-88AC-4806FF4F10D1}
	EndGlobalSection
EndGlobal
