
Microsoft Visual Studio Solution File, Format Version 12.00
# Visual Studio 15
VisualStudioVersion = 15.0.27130.2036
MinimumVisualStudioVersion = 10.0.40219.1
Project("{FAE04EC0-301F-11D3-BF4B-00C04F79EFBC}") = "p093", "p093\p093.csproj", "{BC4AD404-C578-4925-8756-B7DCAC4A8F9F}"
EndProject
Global
	GlobalSection(SolutionConfigurationPlatforms) = preSolution
		Debug|Any CPU = Debug|Any CPU
		Release|Any CPU = Release|Any CPU
	EndGlobalSection
	GlobalSection(ProjectConfigurationPlatforms) = postSolution
		{BC4AD404-C578-4925-8756-B7DCAC4A8F9F}.Debug|Any CPU.ActiveCfg = Debug|Any CPU
		{BC4AD404-C578-4925-8756-B7DCAC4A8F9F}.Debug|Any CPU.Build.0 = Debug|Any CPU
		{BC4AD404-C578-4925-8756-B7DCAC4A8F9F}.Release|Any CPU.ActiveCfg = Release|Any CPU
		{BC4AD404-C578-4925-8756-B7DCAC4A8F9F}.Release|Any CPU.Build.0 = Release|Any CPU
	EndGlobalSection
	GlobalSection(SolutionProperties) = preSolution
		HideSolutionNode = FALSE
	EndGlobalSection
	GlobalSection(ExtensibilityGlobals) = postSolution
		SolutionGuid = {E373218F-4B74-4CF9-92E4-94942CD06A4E}
	EndGlobalSection
EndGlobal
