
Microsoft Visual Studio Solution File, Format Version 12.00
# Visual Studio 15
VisualStudioVersion = 15.0.27130.2036
MinimumVisualStudioVersion = 10.0.40219.1
Project("{FAE04EC0-301F-11D3-BF4B-00C04F79EFBC}") = "p753_2", "p753_2\p753_2.csproj", "{5C280B62-4A33-4879-AC9B-9555B82A6222}"
EndProject
Global
	GlobalSection(SolutionConfigurationPlatforms) = preSolution
		Debug|Any CPU = Debug|Any CPU
		Release|Any CPU = Release|Any CPU
	EndGlobalSection
	GlobalSection(ProjectConfigurationPlatforms) = postSolution
		{5C280B62-4A33-4879-AC9B-9555B82A6222}.Debug|Any CPU.ActiveCfg = Debug|Any CPU
		{5C280B62-4A33-4879-AC9B-9555B82A6222}.Debug|Any CPU.Build.0 = Debug|Any CPU
		{5C280B62-4A33-4879-AC9B-9555B82A6222}.Release|Any CPU.ActiveCfg = Release|Any CPU
		{5C280B62-4A33-4879-AC9B-9555B82A6222}.Release|Any CPU.Build.0 = Release|Any CPU
	EndGlobalSection
	GlobalSection(SolutionProperties) = preSolution
		HideSolutionNode = FALSE
	EndGlobalSection
	GlobalSection(ExtensibilityGlobals) = postSolution
		SolutionGuid = {3912164E-65B0-403F-82C1-17870A28E601}
	EndGlobalSection
EndGlobal
