
Microsoft Visual Studio Solution File, Format Version 12.00
# Visual Studio 15
VisualStudioVersion = 15.0.27130.2036
MinimumVisualStudioVersion = 10.0.40219.1
Project("{FAE04EC0-301F-11D3-BF4B-00C04F79EFBC}") = "p105", "p105\p105.csproj", "{1B2681BD-0154-40D4-B34F-FCFA000CDF4B}"
EndProject
Global
	GlobalSection(SolutionConfigurationPlatforms) = preSolution
		Debug|Any CPU = Debug|Any CPU
		Release|Any CPU = Release|Any CPU
	EndGlobalSection
	GlobalSection(ProjectConfigurationPlatforms) = postSolution
		{1B2681BD-0154-40D4-B34F-FCFA000CDF4B}.Debug|Any CPU.ActiveCfg = Debug|Any CPU
		{1B2681BD-0154-40D4-B34F-FCFA000CDF4B}.Debug|Any CPU.Build.0 = Debug|Any CPU
		{1B2681BD-0154-40D4-B34F-FCFA000CDF4B}.Release|Any CPU.ActiveCfg = Release|Any CPU
		{1B2681BD-0154-40D4-B34F-FCFA000CDF4B}.Release|Any CPU.Build.0 = Release|Any CPU
	EndGlobalSection
	GlobalSection(SolutionProperties) = preSolution
		HideSolutionNode = FALSE
	EndGlobalSection
	GlobalSection(ExtensibilityGlobals) = postSolution
		SolutionGuid = {37476749-9575-4F63-80C4-65AD5B0A5ECD}
	EndGlobalSection
EndGlobal
