
Microsoft Visual Studio Solution File, Format Version 12.00
# Visual Studio 15
VisualStudioVersion = 15.0.27130.2036
MinimumVisualStudioVersion = 10.0.40219.1
Project("{FAE04EC0-301F-11D3-BF4B-00C04F79EFBC}") = "p382", "p382\p382.csproj", "{40517D7A-2BB1-4273-9476-1888EADD6D0D}"
EndProject
Global
	GlobalSection(SolutionConfigurationPlatforms) = preSolution
		Debug|Any CPU = Debug|Any CPU
		Release|Any CPU = Release|Any CPU
	EndGlobalSection
	GlobalSection(ProjectConfigurationPlatforms) = postSolution
		{40517D7A-2BB1-4273-9476-1888EADD6D0D}.Debug|Any CPU.ActiveCfg = Debug|Any CPU
		{40517D7A-2BB1-4273-9476-1888EADD6D0D}.Debug|Any CPU.Build.0 = Debug|Any CPU
		{40517D7A-2BB1-4273-9476-1888EADD6D0D}.Release|Any CPU.ActiveCfg = Release|Any CPU
		{40517D7A-2BB1-4273-9476-1888EADD6D0D}.Release|Any CPU.Build.0 = Release|Any CPU
	EndGlobalSection
	GlobalSection(SolutionProperties) = preSolution
		HideSolutionNode = FALSE
	EndGlobalSection
	GlobalSection(ExtensibilityGlobals) = postSolution
		SolutionGuid = {972DB857-94BC-45C4-9C44-5D9638D96B9D}
	EndGlobalSection
EndGlobal
