
Microsoft Visual Studio Solution File, Format Version 12.00
# Visual Studio 15
VisualStudioVersion = 15.0.27130.2036
MinimumVisualStudioVersion = 10.0.40219.1
Project("{FAE04EC0-301F-11D3-BF4B-00C04F79EFBC}") = "p123", "p123\p123.csproj", "{0FE7A903-9811-47A5-9119-B22281AD8F56}"
EndProject
Global
	GlobalSection(SolutionConfigurationPlatforms) = preSolution
		Debug|Any CPU = Debug|Any CPU
		Release|Any CPU = Release|Any CPU
	EndGlobalSection
	GlobalSection(ProjectConfigurationPlatforms) = postSolution
		{0FE7A903-9811-47A5-9119-B22281AD8F56}.Debug|Any CPU.ActiveCfg = Debug|Any CPU
		{0FE7A903-9811-47A5-9119-B22281AD8F56}.Debug|Any CPU.Build.0 = Debug|Any CPU
		{0FE7A903-9811-47A5-9119-B22281AD8F56}.Release|Any CPU.ActiveCfg = Release|Any CPU
		{0FE7A903-9811-47A5-9119-B22281AD8F56}.Release|Any CPU.Build.0 = Release|Any CPU
	EndGlobalSection
	GlobalSection(SolutionProperties) = preSolution
		HideSolutionNode = FALSE
	EndGlobalSection
	GlobalSection(ExtensibilityGlobals) = postSolution
		SolutionGuid = {10DBB8FA-88E8-4EBF-897A-EEBB7A752688}
	EndGlobalSection
EndGlobal
