
Microsoft Visual Studio Solution File, Format Version 12.00
# Visual Studio 15
VisualStudioVersion = 15.0.27130.2036
MinimumVisualStudioVersion = 10.0.40219.1
Project("{FAE04EC0-301F-11D3-BF4B-00C04F79EFBC}") = "p241", "p241\p241.csproj", "{A13CC630-5A8F-460D-813F-C738C1761C5A}"
EndProject
Global
	GlobalSection(SolutionConfigurationPlatforms) = preSolution
		Debug|Any CPU = Debug|Any CPU
		Release|Any CPU = Release|Any CPU
	EndGlobalSection
	GlobalSection(ProjectConfigurationPlatforms) = postSolution
		{A13CC630-5A8F-460D-813F-C738C1761C5A}.Debug|Any CPU.ActiveCfg = Debug|Any CPU
		{A13CC630-5A8F-460D-813F-C738C1761C5A}.Debug|Any CPU.Build.0 = Debug|Any CPU
		{A13CC630-5A8F-460D-813F-C738C1761C5A}.Release|Any CPU.ActiveCfg = Release|Any CPU
		{A13CC630-5A8F-460D-813F-C738C1761C5A}.Release|Any CPU.Build.0 = Release|Any CPU
	EndGlobalSection
	GlobalSection(SolutionProperties) = preSolution
		HideSolutionNode = FALSE
	EndGlobalSection
	GlobalSection(ExtensibilityGlobals) = postSolution
		SolutionGuid = {81958AC4-01F8-4FE0-8170-8B3EA6D9F4ED}
	EndGlobalSection
EndGlobal
