
Microsoft Visual Studio Solution File, Format Version 12.00
# Visual Studio 15
VisualStudioVersion = 15.0.27130.2036
MinimumVisualStudioVersion = 10.0.40219.1
Project("{FAE04EC0-301F-11D3-BF4B-00C04F79EFBC}") = "p110", "p110\p110.csproj", "{DDA934D3-0FEB-45A5-B4EA-5BE4FD074C27}"
EndProject
Global
	GlobalSection(SolutionConfigurationPlatforms) = preSolution
		Debug|Any CPU = Debug|Any CPU
		Release|Any CPU = Release|Any CPU
	EndGlobalSection
	GlobalSection(ProjectConfigurationPlatforms) = postSolution
		{DDA934D3-0FEB-45A5-B4EA-5BE4FD074C27}.Debug|Any CPU.ActiveCfg = Debug|Any CPU
		{DDA934D3-0FEB-45A5-B4EA-5BE4FD074C27}.Debug|Any CPU.Build.0 = Debug|Any CPU
		{DDA934D3-0FEB-45A5-B4EA-5BE4FD074C27}.Release|Any CPU.ActiveCfg = Release|Any CPU
		{DDA934D3-0FEB-45A5-B4EA-5BE4FD074C27}.Release|Any CPU.Build.0 = Release|Any CPU
	EndGlobalSection
	GlobalSection(SolutionProperties) = preSolution
		HideSolutionNode = FALSE
	EndGlobalSection
	GlobalSection(ExtensibilityGlobals) = postSolution
		SolutionGuid = {382BFD1F-EB95-4F0E-9153-B3BC93F986F6}
	EndGlobalSection
EndGlobal
