
Microsoft Visual Studio Solution File, Format Version 12.00
# Visual Studio 15
VisualStudioVersion = 15.0.27130.2036
MinimumVisualStudioVersion = 10.0.40219.1
Project("{FAE04EC0-301F-11D3-BF4B-00C04F79EFBC}") = "p669", "p669\p669.csproj", "{68805864-1493-4599-A96D-5D158AB73384}"
EndProject
Global
	GlobalSection(SolutionConfigurationPlatforms) = preSolution
		Debug|Any CPU = Debug|Any CPU
		Release|Any CPU = Release|Any CPU
	EndGlobalSection
	GlobalSection(ProjectConfigurationPlatforms) = postSolution
		{68805864-1493-4599-A96D-5D158AB73384}.Debug|Any CPU.ActiveCfg = Debug|Any CPU
		{68805864-1493-4599-A96D-5D158AB73384}.Debug|Any CPU.Build.0 = Debug|Any CPU
		{68805864-1493-4599-A96D-5D158AB73384}.Release|Any CPU.ActiveCfg = Release|Any CPU
		{68805864-1493-4599-A96D-5D158AB73384}.Release|Any CPU.Build.0 = Release|Any CPU
	EndGlobalSection
	GlobalSection(SolutionProperties) = preSolution
		HideSolutionNode = FALSE
	EndGlobalSection
	GlobalSection(ExtensibilityGlobals) = postSolution
		SolutionGuid = {C5437A0E-76B7-4726-9D72-21368FC76D67}
	EndGlobalSection
EndGlobal
