
Microsoft Visual Studio Solution File, Format Version 12.00
# Visual Studio 15
VisualStudioVersion = 15.0.27130.2036
MinimumVisualStudioVersion = 10.0.40219.1
Project("{FAE04EC0-301F-11D3-BF4B-00C04F79EFBC}") = "p773", "p773\p773.csproj", "{6EA4A5ED-95D8-4D25-8FC7-92300DBBF564}"
EndProject
Global
	GlobalSection(SolutionConfigurationPlatforms) = preSolution
		Debug|Any CPU = Debug|Any CPU
		Release|Any CPU = Release|Any CPU
	EndGlobalSection
	GlobalSection(ProjectConfigurationPlatforms) = postSolution
		{6EA4A5ED-95D8-4D25-8FC7-92300DBBF564}.Debug|Any CPU.ActiveCfg = Debug|Any CPU
		{6EA4A5ED-95D8-4D25-8FC7-92300DBBF564}.Debug|Any CPU.Build.0 = Debug|Any CPU
		{6EA4A5ED-95D8-4D25-8FC7-92300DBBF564}.Release|Any CPU.ActiveCfg = Release|Any CPU
		{6EA4A5ED-95D8-4D25-8FC7-92300DBBF564}.Release|Any CPU.Build.0 = Release|Any CPU
	EndGlobalSection
	GlobalSection(SolutionProperties) = preSolution
		HideSolutionNode = FALSE
	EndGlobalSection
	GlobalSection(ExtensibilityGlobals) = postSolution
		SolutionGuid = {14BA4068-6EA9-4139-934C-41A08F922447}
	EndGlobalSection
EndGlobal
