
Microsoft Visual Studio Solution File, Format Version 12.00
# Visual Studio 15
VisualStudioVersion = 15.0.27130.2036
MinimumVisualStudioVersion = 10.0.40219.1
Project("{FAE04EC0-301F-11D3-BF4B-00C04F79EFBC}") = "p168", "p168\p168.csproj", "{58CD5BAB-CB8D-418F-974E-7C45C14F50AD}"
EndProject
Global
	GlobalSection(SolutionConfigurationPlatforms) = preSolution
		Debug|Any CPU = Debug|Any CPU
		Release|Any CPU = Release|Any CPU
	EndGlobalSection
	GlobalSection(ProjectConfigurationPlatforms) = postSolution
		{58CD5BAB-CB8D-418F-974E-7C45C14F50AD}.Debug|Any CPU.ActiveCfg = Debug|Any CPU
		{58CD5BAB-CB8D-418F-974E-7C45C14F50AD}.Debug|Any CPU.Build.0 = Debug|Any CPU
		{58CD5BAB-CB8D-418F-974E-7C45C14F50AD}.Release|Any CPU.ActiveCfg = Release|Any CPU
		{58CD5BAB-CB8D-418F-974E-7C45C14F50AD}.Release|Any CPU.Build.0 = Release|Any CPU
	EndGlobalSection
	GlobalSection(SolutionProperties) = preSolution
		HideSolutionNode = FALSE
	EndGlobalSection
	GlobalSection(ExtensibilityGlobals) = postSolution
		SolutionGuid = {D5DE37E1-0B26-4EB1-BE56-5B907C1F5EA0}
	EndGlobalSection
EndGlobal
