
Microsoft Visual Studio Solution File, Format Version 12.00
# Visual Studio 15
VisualStudioVersion = 15.0.27130.2036
MinimumVisualStudioVersion = 10.0.40219.1
Project("{FAE04EC0-301F-11D3-BF4B-00C04F79EFBC}") = "p151", "p151\p151.csproj", "{09DBB65C-352E-4348-A2DB-1CD411E68053}"
EndProject
Global
	GlobalSection(SolutionConfigurationPlatforms) = preSolution
		Debug|Any CPU = Debug|Any CPU
		Release|Any CPU = Release|Any CPU
	EndGlobalSection
	GlobalSection(ProjectConfigurationPlatforms) = postSolution
		{09DBB65C-352E-4348-A2DB-1CD411E68053}.Debug|Any CPU.ActiveCfg = Debug|Any CPU
		{09DBB65C-352E-4348-A2DB-1CD411E68053}.Debug|Any CPU.Build.0 = Debug|Any CPU
		{09DBB65C-352E-4348-A2DB-1CD411E68053}.Release|Any CPU.ActiveCfg = Release|Any CPU
		{09DBB65C-352E-4348-A2DB-1CD411E68053}.Release|Any CPU.Build.0 = Release|Any CPU
	EndGlobalSection
	GlobalSection(SolutionProperties) = preSolution
		HideSolutionNode = FALSE
	EndGlobalSection
	GlobalSection(ExtensibilityGlobals) = postSolution
		SolutionGuid = {264D4415-7BF4-48DF-A8DF-A37F4E8E2DBA}
	EndGlobalSection
EndGlobal
