
Microsoft Visual Studio Solution File, Format Version 12.00
# Visual Studio 15
VisualStudioVersion = 15.0.27130.2036
MinimumVisualStudioVersion = 10.0.40219.1
Project("{FAE04EC0-301F-11D3-BF4B-00C04F79EFBC}") = "p556", "p556\p556.csproj", "{C94F47FF-5F4D-49CC-8276-5641671FF80A}"
EndProject
Global
	GlobalSection(SolutionConfigurationPlatforms) = preSolution
		Debug|Any CPU = Debug|Any CPU
		Release|Any CPU = Release|Any CPU
	EndGlobalSection
	GlobalSection(ProjectConfigurationPlatforms) = postSolution
		{C94F47FF-5F4D-49CC-8276-5641671FF80A}.Debug|Any CPU.ActiveCfg = Debug|Any CPU
		{C94F47FF-5F4D-49CC-8276-5641671FF80A}.Debug|Any CPU.Build.0 = Debug|Any CPU
		{C94F47FF-5F4D-49CC-8276-5641671FF80A}.Release|Any CPU.ActiveCfg = Release|Any CPU
		{C94F47FF-5F4D-49CC-8276-5641671FF80A}.Release|Any CPU.Build.0 = Release|Any CPU
	EndGlobalSection
	GlobalSection(SolutionProperties) = preSolution
		HideSolutionNode = FALSE
	EndGlobalSection
	GlobalSection(ExtensibilityGlobals) = postSolution
		SolutionGuid = {6D78CA06-C2DF-4981-8295-8DC4831E08F4}
	EndGlobalSection
EndGlobal
