
Microsoft Visual Studio Solution File, Format Version 12.00
# Visual Studio 15
VisualStudioVersion = 15.0.27130.2036
MinimumVisualStudioVersion = 10.0.40219.1
Project("{FAE04EC0-301F-11D3-BF4B-00C04F79EFBC}") = "p036", "p036\p036.csproj", "{1E318F40-9319-4F8F-8ED5-399A1F6F26FD}"
EndProject
Global
	GlobalSection(SolutionConfigurationPlatforms) = preSolution
		Debug|Any CPU = Debug|Any CPU
		Release|Any CPU = Release|Any CPU
	EndGlobalSection
	GlobalSection(ProjectConfigurationPlatforms) = postSolution
		{1E318F40-9319-4F8F-8ED5-399A1F6F26FD}.Debug|Any CPU.ActiveCfg = Debug|Any CPU
		{1E318F40-9319-4F8F-8ED5-399A1F6F26FD}.Debug|Any CPU.Build.0 = Debug|Any CPU
		{1E318F40-9319-4F8F-8ED5-399A1F6F26FD}.Release|Any CPU.ActiveCfg = Release|Any CPU
		{1E318F40-9319-4F8F-8ED5-399A1F6F26FD}.Release|Any CPU.Build.0 = Release|Any CPU
	EndGlobalSection
	GlobalSection(SolutionProperties) = preSolution
		HideSolutionNode = FALSE
	EndGlobalSection
	GlobalSection(ExtensibilityGlobals) = postSolution
		SolutionGuid = {4C296694-482F-41FA-A4D1-BD032E9186B2}
	EndGlobalSection
EndGlobal
