
Microsoft Visual Studio Solution File, Format Version 12.00
# Visual Studio 15
VisualStudioVersion = 15.0.27130.2036
MinimumVisualStudioVersion = 10.0.40219.1
Project("{FAE04EC0-301F-11D3-BF4B-00C04F79EFBC}") = "p677", "p677\p677.csproj", "{CA270748-C1A5-454E-B840-C4B56AF05E65}"
EndProject
Global
	GlobalSection(SolutionConfigurationPlatforms) = preSolution
		Debug|Any CPU = Debug|Any CPU
		Release|Any CPU = Release|Any CPU
	EndGlobalSection
	GlobalSection(ProjectConfigurationPlatforms) = postSolution
		{CA270748-C1A5-454E-B840-C4B56AF05E65}.Debug|Any CPU.ActiveCfg = Debug|Any CPU
		{CA270748-C1A5-454E-B840-C4B56AF05E65}.Debug|Any CPU.Build.0 = Debug|Any CPU
		{CA270748-C1A5-454E-B840-C4B56AF05E65}.Release|Any CPU.ActiveCfg = Release|Any CPU
		{CA270748-C1A5-454E-B840-C4B56AF05E65}.Release|Any CPU.Build.0 = Release|Any CPU
	EndGlobalSection
	GlobalSection(SolutionProperties) = preSolution
		HideSolutionNode = FALSE
	EndGlobalSection
	GlobalSection(ExtensibilityGlobals) = postSolution
		SolutionGuid = {D421C00F-1F52-47A4-B60A-648D507AC97B}
	EndGlobalSection
EndGlobal
