
Microsoft Visual Studio Solution File, Format Version 12.00
# Visual Studio 15
VisualStudioVersion = 15.0.27130.2036
MinimumVisualStudioVersion = 10.0.40219.1
Project("{FAE04EC0-301F-11D3-BF4B-00C04F79EFBC}") = "p174", "p174\p174.csproj", "{54C5F2D6-5A07-422B-A457-6754FCEAA7C3}"
EndProject
Global
	GlobalSection(SolutionConfigurationPlatforms) = preSolution
		Debug|Any CPU = Debug|Any CPU
		Release|Any CPU = Release|Any CPU
	EndGlobalSection
	GlobalSection(ProjectConfigurationPlatforms) = postSolution
		{54C5F2D6-5A07-422B-A457-6754FCEAA7C3}.Debug|Any CPU.ActiveCfg = Debug|Any CPU
		{54C5F2D6-5A07-422B-A457-6754FCEAA7C3}.Debug|Any CPU.Build.0 = Debug|Any CPU
		{54C5F2D6-5A07-422B-A457-6754FCEAA7C3}.Release|Any CPU.ActiveCfg = Release|Any CPU
		{54C5F2D6-5A07-422B-A457-6754FCEAA7C3}.Release|Any CPU.Build.0 = Release|Any CPU
	EndGlobalSection
	GlobalSection(SolutionProperties) = preSolution
		HideSolutionNode = FALSE
	EndGlobalSection
	GlobalSection(ExtensibilityGlobals) = postSolution
		SolutionGuid = {EFD2475B-D149-4426-9CF8-B89A8D5E78F9}
	EndGlobalSection
EndGlobal
