
Microsoft Visual Studio Solution File, Format Version 12.00
# Visual Studio 15
VisualStudioVersion = 15.0.27130.2036
MinimumVisualStudioVersion = 10.0.40219.1
Project("{FAE04EC0-301F-11D3-BF4B-00C04F79EFBC}") = "p438", "p438\p438.csproj", "{DBC6AA6C-AC1A-4CB6-8024-91A48F6AF6E2}"
EndProject
Global
	GlobalSection(SolutionConfigurationPlatforms) = preSolution
		Debug|Any CPU = Debug|Any CPU
		Release|Any CPU = Release|Any CPU
	EndGlobalSection
	GlobalSection(ProjectConfigurationPlatforms) = postSolution
		{DBC6AA6C-AC1A-4CB6-8024-91A48F6AF6E2}.Debug|Any CPU.ActiveCfg = Debug|Any CPU
		{DBC6AA6C-AC1A-4CB6-8024-91A48F6AF6E2}.Debug|Any CPU.Build.0 = Debug|Any CPU
		{DBC6AA6C-AC1A-4CB6-8024-91A48F6AF6E2}.Release|Any CPU.ActiveCfg = Release|Any CPU
		{DBC6AA6C-AC1A-4CB6-8024-91A48F6AF6E2}.Release|Any CPU.Build.0 = Release|Any CPU
	EndGlobalSection
	GlobalSection(SolutionProperties) = preSolution
		HideSolutionNode = FALSE
	EndGlobalSection
	GlobalSection(ExtensibilityGlobals) = postSolution
		SolutionGuid = {7478543C-7405-45F3-AFEA-323AD07DC183}
	EndGlobalSection
EndGlobal
