
Microsoft Visual Studio Solution File, Format Version 12.00
# Visual Studio 15
VisualStudioVersion = 15.0.27130.2036
MinimumVisualStudioVersion = 10.0.40219.1
Project("{FAE04EC0-301F-11D3-BF4B-00C04F79EFBC}") = "p486", "p486\p486.csproj", "{96F520EF-23AC-433C-9640-EA7DD3589449}"
EndProject
Global
	GlobalSection(SolutionConfigurationPlatforms) = preSolution
		Debug|Any CPU = Debug|Any CPU
		Release|Any CPU = Release|Any CPU
	EndGlobalSection
	GlobalSection(ProjectConfigurationPlatforms) = postSolution
		{96F520EF-23AC-433C-9640-EA7DD3589449}.Debug|Any CPU.ActiveCfg = Debug|Any CPU
		{96F520EF-23AC-433C-9640-EA7DD3589449}.Debug|Any CPU.Build.0 = Debug|Any CPU
		{96F520EF-23AC-433C-9640-EA7DD3589449}.Release|Any CPU.ActiveCfg = Release|Any CPU
		{96F520EF-23AC-433C-9640-EA7DD3589449}.Release|Any CPU.Build.0 = Release|Any CPU
	EndGlobalSection
	GlobalSection(SolutionProperties) = preSolution
		HideSolutionNode = FALSE
	EndGlobalSection
	GlobalSection(ExtensibilityGlobals) = postSolution
		SolutionGuid = {A4DC7F9E-2E71-4502-AE87-0631940EA664}
	EndGlobalSection
EndGlobal
