
Microsoft Visual Studio Solution File, Format Version 12.00
# Visual Studio 15
VisualStudioVersion = 15.0.27130.2036
MinimumVisualStudioVersion = 10.0.40219.1
Project("{FAE04EC0-301F-11D3-BF4B-00C04F79EFBC}") = "p557", "p557\p557.csproj", "{51F38384-A39F-4655-83EA-03661D62F778}"
EndProject
Global
	GlobalSection(SolutionConfigurationPlatforms) = preSolution
		Debug|Any CPU = Debug|Any CPU
		Release|Any CPU = Release|Any CPU
	EndGlobalSection
	GlobalSection(ProjectConfigurationPlatforms) = postSolution
		{51F38384-A39F-4655-83EA-03661D62F778}.Debug|Any CPU.ActiveCfg = Debug|Any CPU
		{51F38384-A39F-4655-83EA-03661D62F778}.Debug|Any CPU.Build.0 = Debug|Any CPU
		{51F38384-A39F-4655-83EA-03661D62F778}.Release|Any CPU.ActiveCfg = Release|Any CPU
		{51F38384-A39F-4655-83EA-03661D62F778}.Release|Any CPU.Build.0 = Release|Any CPU
	EndGlobalSection
	GlobalSection(SolutionProperties) = preSolution
		HideSolutionNode = FALSE
	EndGlobalSection
	GlobalSection(ExtensibilityGlobals) = postSolution
		SolutionGuid = {79E42421-AC8D-4FE8-A4B1-91998AEB0907}
	EndGlobalSection
EndGlobal
