
Microsoft Visual Studio Solution File, Format Version 12.00
# Visual Studio 15
VisualStudioVersion = 15.0.27130.2036
MinimumVisualStudioVersion = 10.0.40219.1
Project("{FAE04EC0-301F-11D3-BF4B-00C04F79EFBC}") = "p455", "p455\p455.csproj", "{7D5F371C-FC20-417E-B796-E657AA24B833}"
EndProject
Global
	GlobalSection(SolutionConfigurationPlatforms) = preSolution
		Debug|Any CPU = Debug|Any CPU
		Release|Any CPU = Release|Any CPU
	EndGlobalSection
	GlobalSection(ProjectConfigurationPlatforms) = postSolution
		{7D5F371C-FC20-417E-B796-E657AA24B833}.Debug|Any CPU.ActiveCfg = Debug|Any CPU
		{7D5F371C-FC20-417E-B796-E657AA24B833}.Debug|Any CPU.Build.0 = Debug|Any CPU
		{7D5F371C-FC20-417E-B796-E657AA24B833}.Release|Any CPU.ActiveCfg = Release|Any CPU
		{7D5F371C-FC20-417E-B796-E657AA24B833}.Release|Any CPU.Build.0 = Release|Any CPU
	EndGlobalSection
	GlobalSection(SolutionProperties) = preSolution
		HideSolutionNode = FALSE
	EndGlobalSection
	GlobalSection(ExtensibilityGlobals) = postSolution
		SolutionGuid = {EE098532-A386-4AC3-B8EB-5D1D7EC5D177}
	EndGlobalSection
EndGlobal
