
Microsoft Visual Studio Solution File, Format Version 12.00
# Visual Studio 15
VisualStudioVersion = 15.0.27130.2036
MinimumVisualStudioVersion = 10.0.40219.1
Project("{FAE04EC0-301F-11D3-BF4B-00C04F79EFBC}") = "p332", "p332\p332.csproj", "{C478AAA4-41C8-449B-BF92-8629796B48B6}"
EndProject
Global
	GlobalSection(SolutionConfigurationPlatforms) = preSolution
		Debug|Any CPU = Debug|Any CPU
		Release|Any CPU = Release|Any CPU
	EndGlobalSection
	GlobalSection(ProjectConfigurationPlatforms) = postSolution
		{C478AAA4-41C8-449B-BF92-8629796B48B6}.Debug|Any CPU.ActiveCfg = Debug|Any CPU
		{C478AAA4-41C8-449B-BF92-8629796B48B6}.Debug|Any CPU.Build.0 = Debug|Any CPU
		{C478AAA4-41C8-449B-BF92-8629796B48B6}.Release|Any CPU.ActiveCfg = Release|Any CPU
		{C478AAA4-41C8-449B-BF92-8629796B48B6}.Release|Any CPU.Build.0 = Release|Any CPU
	EndGlobalSection
	GlobalSection(SolutionProperties) = preSolution
		HideSolutionNode = FALSE
	EndGlobalSection
	GlobalSection(ExtensibilityGlobals) = postSolution
		SolutionGuid = {C019A15C-94B3-4613-8F44-8DAC1535A05F}
	EndGlobalSection
EndGlobal
