
Microsoft Visual Studio Solution File, Format Version 12.00
# Visual Studio 15
VisualStudioVersion = 15.0.27130.2036
MinimumVisualStudioVersion = 10.0.40219.1
Project("{FAE04EC0-301F-11D3-BF4B-00C04F79EFBC}") = "p516", "p516\p516.csproj", "{04A3EA67-5ED0-491E-A43B-3CDDCD50424F}"
EndProject
Global
	GlobalSection(SolutionConfigurationPlatforms) = preSolution
		Debug|Any CPU = Debug|Any CPU
		Release|Any CPU = Release|Any CPU
	EndGlobalSection
	GlobalSection(ProjectConfigurationPlatforms) = postSolution
		{04A3EA67-5ED0-491E-A43B-3CDDCD50424F}.Debug|Any CPU.ActiveCfg = Debug|Any CPU
		{04A3EA67-5ED0-491E-A43B-3CDDCD50424F}.Debug|Any CPU.Build.0 = Debug|Any CPU
		{04A3EA67-5ED0-491E-A43B-3CDDCD50424F}.Release|Any CPU.ActiveCfg = Release|Any CPU
		{04A3EA67-5ED0-491E-A43B-3CDDCD50424F}.Release|Any CPU.Build.0 = Release|Any CPU
	EndGlobalSection
	GlobalSection(SolutionProperties) = preSolution
		HideSolutionNode = FALSE
	EndGlobalSection
	GlobalSection(ExtensibilityGlobals) = postSolution
		SolutionGuid = {51BB73C7-7BEC-40C1-9B6A-2F4EABA24936}
	EndGlobalSection
EndGlobal
