
Microsoft Visual Studio Solution File, Format Version 12.00
# Visual Studio 15
VisualStudioVersion = 15.0.27130.2036
MinimumVisualStudioVersion = 10.0.40219.1
Project("{FAE04EC0-301F-11D3-BF4B-00C04F79EFBC}") = "p754", "p754\p754.csproj", "{8A94E82A-E6BE-4271-B2AF-B3553CFECAD1}"
EndProject
Global
	GlobalSection(SolutionConfigurationPlatforms) = preSolution
		Debug|Any CPU = Debug|Any CPU
		Release|Any CPU = Release|Any CPU
	EndGlobalSection
	GlobalSection(ProjectConfigurationPlatforms) = postSolution
		{8A94E82A-E6BE-4271-B2AF-B3553CFECAD1}.Debug|Any CPU.ActiveCfg = Debug|Any CPU
		{8A94E82A-E6BE-4271-B2AF-B3553CFECAD1}.Debug|Any CPU.Build.0 = Debug|Any CPU
		{8A94E82A-E6BE-4271-B2AF-B3553CFECAD1}.Release|Any CPU.ActiveCfg = Release|Any CPU
		{8A94E82A-E6BE-4271-B2AF-B3553CFECAD1}.Release|Any CPU.Build.0 = Release|Any CPU
	EndGlobalSection
	GlobalSection(SolutionProperties) = preSolution
		HideSolutionNode = FALSE
	EndGlobalSection
	GlobalSection(ExtensibilityGlobals) = postSolution
		SolutionGuid = {618156FE-D6C5-4879-8247-58746A2AA978}
	EndGlobalSection
EndGlobal
