
Microsoft Visual Studio Solution File, Format Version 12.00
# Visual Studio 15
VisualStudioVersion = 15.0.27130.2036
MinimumVisualStudioVersion = 10.0.40219.1
Project("{FAE04EC0-301F-11D3-BF4B-00C04F79EFBC}") = "p328", "p328\p328.csproj", "{4527370F-319A-41F6-BAE5-FEB223F4C34F}"
EndProject
Global
	GlobalSection(SolutionConfigurationPlatforms) = preSolution
		Debug|Any CPU = Debug|Any CPU
		Release|Any CPU = Release|Any CPU
	EndGlobalSection
	GlobalSection(ProjectConfigurationPlatforms) = postSolution
		{4527370F-319A-41F6-BAE5-FEB223F4C34F}.Debug|Any CPU.ActiveCfg = Debug|Any CPU
		{4527370F-319A-41F6-BAE5-FEB223F4C34F}.Debug|Any CPU.Build.0 = Debug|Any CPU
		{4527370F-319A-41F6-BAE5-FEB223F4C34F}.Release|Any CPU.ActiveCfg = Release|Any CPU
		{4527370F-319A-41F6-BAE5-FEB223F4C34F}.Release|Any CPU.Build.0 = Release|Any CPU
	EndGlobalSection
	GlobalSection(SolutionProperties) = preSolution
		HideSolutionNode = FALSE
	EndGlobalSection
	GlobalSection(ExtensibilityGlobals) = postSolution
		SolutionGuid = {3AD47D66-5FEC-4F95-9392-72757558919A}
	EndGlobalSection
EndGlobal
