
Microsoft Visual Studio Solution File, Format Version 12.00
# Visual Studio 15
VisualStudioVersion = 15.0.27130.2036
MinimumVisualStudioVersion = 10.0.40219.1
Project("{FAE04EC0-301F-11D3-BF4B-00C04F79EFBC}") = "p604", "p604\p604.csproj", "{FC009AF5-2059-49BD-B2FC-8B3B8692E088}"
EndProject
Global
	GlobalSection(SolutionConfigurationPlatforms) = preSolution
		Debug|Any CPU = Debug|Any CPU
		Release|Any CPU = Release|Any CPU
	EndGlobalSection
	GlobalSection(ProjectConfigurationPlatforms) = postSolution
		{FC009AF5-2059-49BD-B2FC-8B3B8692E088}.Debug|Any CPU.ActiveCfg = Debug|Any CPU
		{FC009AF5-2059-49BD-B2FC-8B3B8692E088}.Debug|Any CPU.Build.0 = Debug|Any CPU
		{FC009AF5-2059-49BD-B2FC-8B3B8692E088}.Release|Any CPU.ActiveCfg = Release|Any CPU
		{FC009AF5-2059-49BD-B2FC-8B3B8692E088}.Release|Any CPU.Build.0 = Release|Any CPU
	EndGlobalSection
	GlobalSection(SolutionProperties) = preSolution
		HideSolutionNode = FALSE
	EndGlobalSection
	GlobalSection(ExtensibilityGlobals) = postSolution
		SolutionGuid = {D8FBF39A-C3C7-49C6-B601-CF7E6CDC2E2C}
	EndGlobalSection
EndGlobal
