
Microsoft Visual Studio Solution File, Format Version 12.00
# Visual Studio 15
VisualStudioVersion = 15.0.27130.2036
MinimumVisualStudioVersion = 10.0.40219.1
Project("{FAE04EC0-301F-11D3-BF4B-00C04F79EFBC}") = "p423", "p423\p423.csproj", "{4869859F-A151-47C9-98D6-B522E09ABE53}"
EndProject
Global
	GlobalSection(SolutionConfigurationPlatforms) = preSolution
		Debug|Any CPU = Debug|Any CPU
		Release|Any CPU = Release|Any CPU
	EndGlobalSection
	GlobalSection(ProjectConfigurationPlatforms) = postSolution
		{4869859F-A151-47C9-98D6-B522E09ABE53}.Debug|Any CPU.ActiveCfg = Debug|Any CPU
		{4869859F-A151-47C9-98D6-B522E09ABE53}.Debug|Any CPU.Build.0 = Debug|Any CPU
		{4869859F-A151-47C9-98D6-B522E09ABE53}.Release|Any CPU.ActiveCfg = Release|Any CPU
		{4869859F-A151-47C9-98D6-B522E09ABE53}.Release|Any CPU.Build.0 = Release|Any CPU
	EndGlobalSection
	GlobalSection(SolutionProperties) = preSolution
		HideSolutionNode = FALSE
	EndGlobalSection
	GlobalSection(ExtensibilityGlobals) = postSolution
		SolutionGuid = {FEAFF38B-5F2A-4CED-9A2C-C9C2FF6E8B19}
	EndGlobalSection
EndGlobal
