
Microsoft Visual Studio Solution File, Format Version 12.00
# Visual Studio 15
VisualStudioVersion = 15.0.27130.2036
MinimumVisualStudioVersion = 10.0.40219.1
Project("{FAE04EC0-301F-11D3-BF4B-00C04F79EFBC}") = "p688", "p688\p688.csproj", "{0070CA10-7B1A-4BF2-9D27-DE02442AD747}"
EndProject
Global
	GlobalSection(SolutionConfigurationPlatforms) = preSolution
		Debug|Any CPU = Debug|Any CPU
		Release|Any CPU = Release|Any CPU
	EndGlobalSection
	GlobalSection(ProjectConfigurationPlatforms) = postSolution
		{0070CA10-7B1A-4BF2-9D27-DE02442AD747}.Debug|Any CPU.ActiveCfg = Debug|Any CPU
		{0070CA10-7B1A-4BF2-9D27-DE02442AD747}.Debug|Any CPU.Build.0 = Debug|Any CPU
		{0070CA10-7B1A-4BF2-9D27-DE02442AD747}.Release|Any CPU.ActiveCfg = Release|Any CPU
		{0070CA10-7B1A-4BF2-9D27-DE02442AD747}.Release|Any CPU.Build.0 = Release|Any CPU
	EndGlobalSection
	GlobalSection(SolutionProperties) = preSolution
		HideSolutionNode = FALSE
	EndGlobalSection
	GlobalSection(ExtensibilityGlobals) = postSolution
		SolutionGuid = {7CC27CD8-0815-43DE-B1A7-C692E84B48B2}
	EndGlobalSection
EndGlobal
