
Microsoft Visual Studio Solution File, Format Version 12.00
# Visual Studio 15
VisualStudioVersion = 15.0.27130.2036
MinimumVisualStudioVersion = 10.0.40219.1
Project("{FAE04EC0-301F-11D3-BF4B-00C04F79EFBC}") = "p100", "p100\p100.csproj", "{A231FB47-D9EC-4B27-8B1D-7C2E773560C9}"
EndProject
Global
	GlobalSection(SolutionConfigurationPlatforms) = preSolution
		Debug|Any CPU = Debug|Any CPU
		Release|Any CPU = Release|Any CPU
	EndGlobalSection
	GlobalSection(ProjectConfigurationPlatforms) = postSolution
		{A231FB47-D9EC-4B27-8B1D-7C2E773560C9}.Debug|Any CPU.ActiveCfg = Debug|Any CPU
		{A231FB47-D9EC-4B27-8B1D-7C2E773560C9}.Debug|Any CPU.Build.0 = Debug|Any CPU
		{A231FB47-D9EC-4B27-8B1D-7C2E773560C9}.Release|Any CPU.ActiveCfg = Release|Any CPU
		{A231FB47-D9EC-4B27-8B1D-7C2E773560C9}.Release|Any CPU.Build.0 = Release|Any CPU
	EndGlobalSection
	GlobalSection(SolutionProperties) = preSolution
		HideSolutionNode = FALSE
	EndGlobalSection
	GlobalSection(ExtensibilityGlobals) = postSolution
		SolutionGuid = {99C31340-148E-4138-948E-D26BFE7E3E07}
	EndGlobalSection
EndGlobal
