
Microsoft Visual Studio Solution File, Format Version 12.00
# Visual Studio 15
VisualStudioVersion = 15.0.27130.2036
MinimumVisualStudioVersion = 10.0.40219.1
Project("{FAE04EC0-301F-11D3-BF4B-00C04F79EFBC}") = "p177", "p177\p177.csproj", "{5954C6C9-25FE-4F12-A8C8-BA297DBB5B46}"
EndProject
Global
	GlobalSection(SolutionConfigurationPlatforms) = preSolution
		Debug|Any CPU = Debug|Any CPU
		Release|Any CPU = Release|Any CPU
	EndGlobalSection
	GlobalSection(ProjectConfigurationPlatforms) = postSolution
		{5954C6C9-25FE-4F12-A8C8-BA297DBB5B46}.Debug|Any CPU.ActiveCfg = Debug|Any CPU
		{5954C6C9-25FE-4F12-A8C8-BA297DBB5B46}.Debug|Any CPU.Build.0 = Debug|Any CPU
		{5954C6C9-25FE-4F12-A8C8-BA297DBB5B46}.Release|Any CPU.ActiveCfg = Release|Any CPU
		{5954C6C9-25FE-4F12-A8C8-BA297DBB5B46}.Release|Any CPU.Build.0 = Release|Any CPU
	EndGlobalSection
	GlobalSection(SolutionProperties) = preSolution
		HideSolutionNode = FALSE
	EndGlobalSection
	GlobalSection(ExtensibilityGlobals) = postSolution
		SolutionGuid = {75417D17-B4CD-4063-B241-1BB3D70C42A4}
	EndGlobalSection
EndGlobal
