
Microsoft Visual Studio Solution File, Format Version 12.00
# Visual Studio 15
VisualStudioVersion = 15.0.27130.2036
MinimumVisualStudioVersion = 10.0.40219.1
Project("{FAE04EC0-301F-11D3-BF4B-00C04F79EFBC}") = "p402", "p402\p402.csproj", "{F8C0E39A-043A-4E09-B2F5-D4CC9C00FF7D}"
EndProject
Global
	GlobalSection(SolutionConfigurationPlatforms) = preSolution
		Debug|Any CPU = Debug|Any CPU
		Release|Any CPU = Release|Any CPU
	EndGlobalSection
	GlobalSection(ProjectConfigurationPlatforms) = postSolution
		{F8C0E39A-043A-4E09-B2F5-D4CC9C00FF7D}.Debug|Any CPU.ActiveCfg = Debug|Any CPU
		{F8C0E39A-043A-4E09-B2F5-D4CC9C00FF7D}.Debug|Any CPU.Build.0 = Debug|Any CPU
		{F8C0E39A-043A-4E09-B2F5-D4CC9C00FF7D}.Release|Any CPU.ActiveCfg = Release|Any CPU
		{F8C0E39A-043A-4E09-B2F5-D4CC9C00FF7D}.Release|Any CPU.Build.0 = Release|Any CPU
	EndGlobalSection
	GlobalSection(SolutionProperties) = preSolution
		HideSolutionNode = FALSE
	EndGlobalSection
	GlobalSection(ExtensibilityGlobals) = postSolution
		SolutionGuid = {D9B9D94A-E680-45FC-A01A-35CACA7E75E0}
	EndGlobalSection
EndGlobal
