
Microsoft Visual Studio Solution File, Format Version 12.00
# Visual Studio 15
VisualStudioVersion = 15.0.27130.2036
MinimumVisualStudioVersion = 10.0.40219.1
Project("{FAE04EC0-301F-11D3-BF4B-00C04F79EFBC}") = "p583", "p583\p583.csproj", "{65825105-CD4E-464B-A639-C315DFE416BF}"
EndProject
Global
	GlobalSection(SolutionConfigurationPlatforms) = preSolution
		Debug|Any CPU = Debug|Any CPU
		Release|Any CPU = Release|Any CPU
	EndGlobalSection
	GlobalSection(ProjectConfigurationPlatforms) = postSolution
		{65825105-CD4E-464B-A639-C315DFE416BF}.Debug|Any CPU.ActiveCfg = Debug|Any CPU
		{65825105-CD4E-464B-A639-C315DFE416BF}.Debug|Any CPU.Build.0 = Debug|Any CPU
		{65825105-CD4E-464B-A639-C315DFE416BF}.Release|Any CPU.ActiveCfg = Release|Any CPU
		{65825105-CD4E-464B-A639-C315DFE416BF}.Release|Any CPU.Build.0 = Release|Any CPU
	EndGlobalSection
	GlobalSection(SolutionProperties) = preSolution
		HideSolutionNode = FALSE
	EndGlobalSection
	GlobalSection(ExtensibilityGlobals) = postSolution
		SolutionGuid = {C040BBCE-4421-4ED9-92E1-C4E4FFF4F9C9}
	EndGlobalSection
EndGlobal
