
Microsoft Visual Studio Solution File, Format Version 12.00
# Visual Studio 15
VisualStudioVersion = 15.0.27130.2036
MinimumVisualStudioVersion = 10.0.40219.1
Project("{FAE04EC0-301F-11D3-BF4B-00C04F79EFBC}") = "p563", "p563\p563.csproj", "{DB109C3A-8D28-4D6F-9792-E7946EF33C37}"
EndProject
Global
	GlobalSection(SolutionConfigurationPlatforms) = preSolution
		Debug|Any CPU = Debug|Any CPU
		Release|Any CPU = Release|Any CPU
	EndGlobalSection
	GlobalSection(ProjectConfigurationPlatforms) = postSolution
		{DB109C3A-8D28-4D6F-9792-E7946EF33C37}.Debug|Any CPU.ActiveCfg = Debug|Any CPU
		{DB109C3A-8D28-4D6F-9792-E7946EF33C37}.Debug|Any CPU.Build.0 = Debug|Any CPU
		{DB109C3A-8D28-4D6F-9792-E7946EF33C37}.Release|Any CPU.ActiveCfg = Release|Any CPU
		{DB109C3A-8D28-4D6F-9792-E7946EF33C37}.Release|Any CPU.Build.0 = Release|Any CPU
	EndGlobalSection
	GlobalSection(SolutionProperties) = preSolution
		HideSolutionNode = FALSE
	EndGlobalSection
	GlobalSection(ExtensibilityGlobals) = postSolution
		SolutionGuid = {455F8956-717E-46D7-B6EA-2AC2028AA47B}
	EndGlobalSection
EndGlobal
