
Microsoft Visual Studio Solution File, Format Version 12.00
# Visual Studio 15
VisualStudioVersion = 15.0.27130.2036
MinimumVisualStudioVersion = 10.0.40219.1
Project("{FAE04EC0-301F-11D3-BF4B-00C04F79EFBC}") = "p102", "p102\p102.csproj", "{7BA2CD4B-7EB1-4D34-91E3-F3DA00E13690}"
EndProject
Global
	GlobalSection(SolutionConfigurationPlatforms) = preSolution
		Debug|Any CPU = Debug|Any CPU
		Release|Any CPU = Release|Any CPU
	EndGlobalSection
	GlobalSection(ProjectConfigurationPlatforms) = postSolution
		{7BA2CD4B-7EB1-4D34-91E3-F3DA00E13690}.Debug|Any CPU.ActiveCfg = Debug|Any CPU
		{7BA2CD4B-7EB1-4D34-91E3-F3DA00E13690}.Debug|Any CPU.Build.0 = Debug|Any CPU
		{7BA2CD4B-7EB1-4D34-91E3-F3DA00E13690}.Release|Any CPU.ActiveCfg = Release|Any CPU
		{7BA2CD4B-7EB1-4D34-91E3-F3DA00E13690}.Release|Any CPU.Build.0 = Release|Any CPU
	EndGlobalSection
	GlobalSection(SolutionProperties) = preSolution
		HideSolutionNode = FALSE
	EndGlobalSection
	GlobalSection(ExtensibilityGlobals) = postSolution
		SolutionGuid = {22426B08-FE0C-4D07-9C53-3812E3BA55C3}
	EndGlobalSection
EndGlobal
