
Microsoft Visual Studio Solution File, Format Version 12.00
# Visual Studio 15
VisualStudioVersion = 15.0.27130.2036
MinimumVisualStudioVersion = 10.0.40219.1
Project("{FAE04EC0-301F-11D3-BF4B-00C04F79EFBC}") = "p539", "p539\p539.csproj", "{86057F65-79D0-42D9-88CA-01844852D331}"
EndProject
Global
	GlobalSection(SolutionConfigurationPlatforms) = preSolution
		Debug|Any CPU = Debug|Any CPU
		Release|Any CPU = Release|Any CPU
	EndGlobalSection
	GlobalSection(ProjectConfigurationPlatforms) = postSolution
		{86057F65-79D0-42D9-88CA-01844852D331}.Debug|Any CPU.ActiveCfg = Debug|Any CPU
		{86057F65-79D0-42D9-88CA-01844852D331}.Debug|Any CPU.Build.0 = Debug|Any CPU
		{86057F65-79D0-42D9-88CA-01844852D331}.Release|Any CPU.ActiveCfg = Release|Any CPU
		{86057F65-79D0-42D9-88CA-01844852D331}.Release|Any CPU.Build.0 = Release|Any CPU
	EndGlobalSection
	GlobalSection(SolutionProperties) = preSolution
		HideSolutionNode = FALSE
	EndGlobalSection
	GlobalSection(ExtensibilityGlobals) = postSolution
		SolutionGuid = {4F5D5726-2304-4C38-BDFC-F3CB7BFB64C8}
	EndGlobalSection
EndGlobal
