
Microsoft Visual Studio Solution File, Format Version 12.00
# Visual Studio 15
VisualStudioVersion = 15.0.27130.2036
MinimumVisualStudioVersion = 10.0.40219.1
Project("{FAE04EC0-301F-11D3-BF4B-00C04F79EFBC}") = "p279_2", "p279_2\p279_2.csproj", "{3B6FA754-EFF8-4D3C-B46C-82CF2F214468}"
EndProject
Global
	GlobalSection(SolutionConfigurationPlatforms) = preSolution
		Debug|Any CPU = Debug|Any CPU
		Release|Any CPU = Release|Any CPU
	EndGlobalSection
	GlobalSection(ProjectConfigurationPlatforms) = postSolution
		{3B6FA754-EFF8-4D3C-B46C-82CF2F214468}.Debug|Any CPU.ActiveCfg = Debug|Any CPU
		{3B6FA754-EFF8-4D3C-B46C-82CF2F214468}.Debug|Any CPU.Build.0 = Debug|Any CPU
		{3B6FA754-EFF8-4D3C-B46C-82CF2F214468}.Release|Any CPU.ActiveCfg = Release|Any CPU
		{3B6FA754-EFF8-4D3C-B46C-82CF2F214468}.Release|Any CPU.Build.0 = Release|Any CPU
	EndGlobalSection
	GlobalSection(SolutionProperties) = preSolution
		HideSolutionNode = FALSE
	EndGlobalSection
	GlobalSection(ExtensibilityGlobals) = postSolution
		SolutionGuid = {85AD415F-3847-44A3-8425-C73370102248}
	EndGlobalSection
EndGlobal
