
Microsoft Visual Studio Solution File, Format Version 12.00
# Visual Studio 15
VisualStudioVersion = 15.0.27130.2036
MinimumVisualStudioVersion = 10.0.40219.1
Project("{FAE04EC0-301F-11D3-BF4B-00C04F79EFBC}") = "p538", "p538\p538.csproj", "{B9677FAA-044F-4529-9C15-DD68AEFCD12D}"
EndProject
Global
	GlobalSection(SolutionConfigurationPlatforms) = preSolution
		Debug|Any CPU = Debug|Any CPU
		Release|Any CPU = Release|Any CPU
	EndGlobalSection
	GlobalSection(ProjectConfigurationPlatforms) = postSolution
		{B9677FAA-044F-4529-9C15-DD68AEFCD12D}.Debug|Any CPU.ActiveCfg = Debug|Any CPU
		{B9677FAA-044F-4529-9C15-DD68AEFCD12D}.Debug|Any CPU.Build.0 = Debug|Any CPU
		{B9677FAA-044F-4529-9C15-DD68AEFCD12D}.Release|Any CPU.ActiveCfg = Release|Any CPU
		{B9677FAA-044F-4529-9C15-DD68AEFCD12D}.Release|Any CPU.Build.0 = Release|Any CPU
	EndGlobalSection
	GlobalSection(SolutionProperties) = preSolution
		HideSolutionNode = FALSE
	EndGlobalSection
	GlobalSection(ExtensibilityGlobals) = postSolution
		SolutionGuid = {BDA2F4BB-85D5-4262-B37D-AD4337857B33}
	EndGlobalSection
EndGlobal
