
Microsoft Visual Studio Solution File, Format Version 12.00
# Visual Studio 15
VisualStudioVersion = 15.0.27130.2036
MinimumVisualStudioVersion = 10.0.40219.1
Project("{FAE04EC0-301F-11D3-BF4B-00C04F79EFBC}") = "p760_2", "p760_2\p760_2.csproj", "{7FEBB0DA-8E02-45D5-A361-AB435338508C}"
EndProject
Global
	GlobalSection(SolutionConfigurationPlatforms) = preSolution
		Debug|Any CPU = Debug|Any CPU
		Release|Any CPU = Release|Any CPU
	EndGlobalSection
	GlobalSection(ProjectConfigurationPlatforms) = postSolution
		{7FEBB0DA-8E02-45D5-A361-AB435338508C}.Debug|Any CPU.ActiveCfg = Debug|Any CPU
		{7FEBB0DA-8E02-45D5-A361-AB435338508C}.Debug|Any CPU.Build.0 = Debug|Any CPU
		{7FEBB0DA-8E02-45D5-A361-AB435338508C}.Release|Any CPU.ActiveCfg = Release|Any CPU
		{7FEBB0DA-8E02-45D5-A361-AB435338508C}.Release|Any CPU.Build.0 = Release|Any CPU
	EndGlobalSection
	GlobalSection(SolutionProperties) = preSolution
		HideSolutionNode = FALSE
	EndGlobalSection
	GlobalSection(ExtensibilityGlobals) = postSolution
		SolutionGuid = {B125CB2D-21E3-4E49-80D0-D87C9A5DDE69}
	EndGlobalSection
EndGlobal
