
Microsoft Visual Studio Solution File, Format Version 12.00
# Visual Studio 15
VisualStudioVersion = 15.0.27130.2036
MinimumVisualStudioVersion = 10.0.40219.1
Project("{FAE04EC0-301F-11D3-BF4B-00C04F79EFBC}") = "p679", "p679\p679.csproj", "{7C534E81-07E8-4C83-BFCA-CFCEC7EA5386}"
EndProject
Global
	GlobalSection(SolutionConfigurationPlatforms) = preSolution
		Debug|Any CPU = Debug|Any CPU
		Release|Any CPU = Release|Any CPU
	EndGlobalSection
	GlobalSection(ProjectConfigurationPlatforms) = postSolution
		{7C534E81-07E8-4C83-BFCA-CFCEC7EA5386}.Debug|Any CPU.ActiveCfg = Debug|Any CPU
		{7C534E81-07E8-4C83-BFCA-CFCEC7EA5386}.Debug|Any CPU.Build.0 = Debug|Any CPU
		{7C534E81-07E8-4C83-BFCA-CFCEC7EA5386}.Release|Any CPU.ActiveCfg = Release|Any CPU
		{7C534E81-07E8-4C83-BFCA-CFCEC7EA5386}.Release|Any CPU.Build.0 = Release|Any CPU
	EndGlobalSection
	GlobalSection(SolutionProperties) = preSolution
		HideSolutionNode = FALSE
	EndGlobalSection
	GlobalSection(ExtensibilityGlobals) = postSolution
		SolutionGuid = {DBAAA3CD-8EE8-43B9-A630-CCFC46011374}
	EndGlobalSection
EndGlobal
