
Microsoft Visual Studio Solution File, Format Version 12.00
# Visual Studio 15
VisualStudioVersion = 15.0.27130.2036
MinimumVisualStudioVersion = 10.0.40219.1
Project("{FAE04EC0-301F-11D3-BF4B-00C04F79EFBC}") = "p564", "p564\p564.csproj", "{4381FCD8-1D37-4F10-A575-7750438EA255}"
EndProject
Global
	GlobalSection(SolutionConfigurationPlatforms) = preSolution
		Debug|Any CPU = Debug|Any CPU
		Release|Any CPU = Release|Any CPU
	EndGlobalSection
	GlobalSection(ProjectConfigurationPlatforms) = postSolution
		{4381FCD8-1D37-4F10-A575-7750438EA255}.Debug|Any CPU.ActiveCfg = Debug|Any CPU
		{4381FCD8-1D37-4F10-A575-7750438EA255}.Debug|Any CPU.Build.0 = Debug|Any CPU
		{4381FCD8-1D37-4F10-A575-7750438EA255}.Release|Any CPU.ActiveCfg = Release|Any CPU
		{4381FCD8-1D37-4F10-A575-7750438EA255}.Release|Any CPU.Build.0 = Release|Any CPU
	EndGlobalSection
	GlobalSection(SolutionProperties) = preSolution
		HideSolutionNode = FALSE
	EndGlobalSection
	GlobalSection(ExtensibilityGlobals) = postSolution
		SolutionGuid = {752A5085-8853-4999-BB67-8351E330C5F8}
	EndGlobalSection
EndGlobal
