
Microsoft Visual Studio Solution File, Format Version 12.00
# Visual Studio 15
VisualStudioVersion = 15.0.27130.2036
MinimumVisualStudioVersion = 10.0.40219.1
Project("{FAE04EC0-301F-11D3-BF4B-00C04F79EFBC}") = "p185", "p185\p185.csproj", "{8909DEAE-BB19-4467-A082-45F973A94F25}"
EndProject
Global
	GlobalSection(SolutionConfigurationPlatforms) = preSolution
		Debug|Any CPU = Debug|Any CPU
		Release|Any CPU = Release|Any CPU
	EndGlobalSection
	GlobalSection(ProjectConfigurationPlatforms) = postSolution
		{8909DEAE-BB19-4467-A082-45F973A94F25}.Debug|Any CPU.ActiveCfg = Debug|Any CPU
		{8909DEAE-BB19-4467-A082-45F973A94F25}.Debug|Any CPU.Build.0 = Debug|Any CPU
		{8909DEAE-BB19-4467-A082-45F973A94F25}.Release|Any CPU.ActiveCfg = Release|Any CPU
		{8909DEAE-BB19-4467-A082-45F973A94F25}.Release|Any CPU.Build.0 = Release|Any CPU
	EndGlobalSection
	GlobalSection(SolutionProperties) = preSolution
		HideSolutionNode = FALSE
	EndGlobalSection
	GlobalSection(ExtensibilityGlobals) = postSolution
		SolutionGuid = {62D2FB60-292D-4F2D-A314-CC1A2C893140}
	EndGlobalSection
EndGlobal
