
Microsoft Visual Studio Solution File, Format Version 12.00
# Visual Studio 15
VisualStudioVersion = 15.0.27130.2036
MinimumVisualStudioVersion = 10.0.40219.1
Project("{FAE04EC0-301F-11D3-BF4B-00C04F79EFBC}") = "p232", "p232\p232.csproj", "{C024F690-FD64-4FD8-BFF4-ADC548CE26FE}"
EndProject
Global
	GlobalSection(SolutionConfigurationPlatforms) = preSolution
		Debug|Any CPU = Debug|Any CPU
		Release|Any CPU = Release|Any CPU
	EndGlobalSection
	GlobalSection(ProjectConfigurationPlatforms) = postSolution
		{C024F690-FD64-4FD8-BFF4-ADC548CE26FE}.Debug|Any CPU.ActiveCfg = Debug|Any CPU
		{C024F690-FD64-4FD8-BFF4-ADC548CE26FE}.Debug|Any CPU.Build.0 = Debug|Any CPU
		{C024F690-FD64-4FD8-BFF4-ADC548CE26FE}.Release|Any CPU.ActiveCfg = Release|Any CPU
		{C024F690-FD64-4FD8-BFF4-ADC548CE26FE}.Release|Any CPU.Build.0 = Release|Any CPU
	EndGlobalSection
	GlobalSection(SolutionProperties) = preSolution
		HideSolutionNode = FALSE
	EndGlobalSection
	GlobalSection(ExtensibilityGlobals) = postSolution
		SolutionGuid = {A7AB7262-9C2B-49E0-9F42-4027934839BB}
	EndGlobalSection
EndGlobal
