
Microsoft Visual Studio Solution File, Format Version 12.00
# Visual Studio 15
VisualStudioVersion = 15.0.27130.2036
MinimumVisualStudioVersion = 10.0.40219.1
Project("{FAE04EC0-301F-11D3-BF4B-00C04F79EFBC}") = "p498", "p498\p498.csproj", "{51274627-DAE1-4C28-8865-3D70BA4EE3F1}"
EndProject
Global
	GlobalSection(SolutionConfigurationPlatforms) = preSolution
		Debug|Any CPU = Debug|Any CPU
		Release|Any CPU = Release|Any CPU
	EndGlobalSection
	GlobalSection(ProjectConfigurationPlatforms) = postSolution
		{51274627-DAE1-4C28-8865-3D70BA4EE3F1}.Debug|Any CPU.ActiveCfg = Debug|Any CPU
		{51274627-DAE1-4C28-8865-3D70BA4EE3F1}.Debug|Any CPU.Build.0 = Debug|Any CPU
		{51274627-DAE1-4C28-8865-3D70BA4EE3F1}.Release|Any CPU.ActiveCfg = Release|Any CPU
		{51274627-DAE1-4C28-8865-3D70BA4EE3F1}.Release|Any CPU.Build.0 = Release|Any CPU
	EndGlobalSection
	GlobalSection(SolutionProperties) = preSolution
		HideSolutionNode = FALSE
	EndGlobalSection
	GlobalSection(ExtensibilityGlobals) = postSolution
		SolutionGuid = {A1488B83-F0A0-457D-9CEC-4D4705602B3C}
	EndGlobalSection
EndGlobal
