
Microsoft Visual Studio Solution File, Format Version 12.00
# Visual Studio 15
VisualStudioVersion = 15.0.27130.2036
MinimumVisualStudioVersion = 10.0.40219.1
Project("{FAE04EC0-301F-11D3-BF4B-00C04F79EFBC}") = "p625", "p625\p625.csproj", "{302A132D-1E4A-4145-A7DB-E85D1BE87971}"
EndProject
Global
	GlobalSection(SolutionConfigurationPlatforms) = preSolution
		Debug|Any CPU = Debug|Any CPU
		Release|Any CPU = Release|Any CPU
	EndGlobalSection
	GlobalSection(ProjectConfigurationPlatforms) = postSolution
		{302A132D-1E4A-4145-A7DB-E85D1BE87971}.Debug|Any CPU.ActiveCfg = Debug|Any CPU
		{302A132D-1E4A-4145-A7DB-E85D1BE87971}.Debug|Any CPU.Build.0 = Debug|Any CPU
		{302A132D-1E4A-4145-A7DB-E85D1BE87971}.Release|Any CPU.ActiveCfg = Release|Any CPU
		{302A132D-1E4A-4145-A7DB-E85D1BE87971}.Release|Any CPU.Build.0 = Release|Any CPU
	EndGlobalSection
	GlobalSection(SolutionProperties) = preSolution
		HideSolutionNode = FALSE
	EndGlobalSection
	GlobalSection(ExtensibilityGlobals) = postSolution
		SolutionGuid = {06EA311F-DF7D-4746-9BFD-8D6F8567F9C5}
	EndGlobalSection
EndGlobal
