
Microsoft Visual Studio Solution File, Format Version 12.00
# Visual Studio 15
VisualStudioVersion = 15.0.27130.2036
MinimumVisualStudioVersion = 10.0.40219.1
Project("{FAE04EC0-301F-11D3-BF4B-00C04F79EFBC}") = "p098", "p098\p098.csproj", "{64098B40-79DE-48AD-9374-7D50E85E77D6}"
EndProject
Global
	GlobalSection(SolutionConfigurationPlatforms) = preSolution
		Debug|Any CPU = Debug|Any CPU
		Release|Any CPU = Release|Any CPU
	EndGlobalSection
	GlobalSection(ProjectConfigurationPlatforms) = postSolution
		{64098B40-79DE-48AD-9374-7D50E85E77D6}.Debug|Any CPU.ActiveCfg = Debug|Any CPU
		{64098B40-79DE-48AD-9374-7D50E85E77D6}.Debug|Any CPU.Build.0 = Debug|Any CPU
		{64098B40-79DE-48AD-9374-7D50E85E77D6}.Release|Any CPU.ActiveCfg = Release|Any CPU
		{64098B40-79DE-48AD-9374-7D50E85E77D6}.Release|Any CPU.Build.0 = Release|Any CPU
	EndGlobalSection
	GlobalSection(SolutionProperties) = preSolution
		HideSolutionNode = FALSE
	EndGlobalSection
	GlobalSection(ExtensibilityGlobals) = postSolution
		SolutionGuid = {604C178E-6D2D-4F4A-A6EB-C2EC37B2FDC0}
	EndGlobalSection
EndGlobal
