
Microsoft Visual Studio Solution File, Format Version 12.00
# Visual Studio 15
VisualStudioVersion = 15.0.27130.2036
MinimumVisualStudioVersion = 10.0.40219.1
Project("{FAE04EC0-301F-11D3-BF4B-00C04F79EFBC}") = "p590", "p590\p590.csproj", "{B4127D7D-30AD-4FE2-91D1-0E45A5328EE5}"
EndProject
Global
	GlobalSection(SolutionConfigurationPlatforms) = preSolution
		Debug|Any CPU = Debug|Any CPU
		Release|Any CPU = Release|Any CPU
	EndGlobalSection
	GlobalSection(ProjectConfigurationPlatforms) = postSolution
		{B4127D7D-30AD-4FE2-91D1-0E45A5328EE5}.Debug|Any CPU.ActiveCfg = Debug|Any CPU
		{B4127D7D-30AD-4FE2-91D1-0E45A5328EE5}.Debug|Any CPU.Build.0 = Debug|Any CPU
		{B4127D7D-30AD-4FE2-91D1-0E45A5328EE5}.Release|Any CPU.ActiveCfg = Release|Any CPU
		{B4127D7D-30AD-4FE2-91D1-0E45A5328EE5}.Release|Any CPU.Build.0 = Release|Any CPU
	EndGlobalSection
	GlobalSection(SolutionProperties) = preSolution
		HideSolutionNode = FALSE
	EndGlobalSection
	GlobalSection(ExtensibilityGlobals) = postSolution
		SolutionGuid = {6A6C34D3-EEF2-445F-A617-826898AE286F}
	EndGlobalSection
EndGlobal
