
Microsoft Visual Studio Solution File, Format Version 12.00
# Visual Studio 15
VisualStudioVersion = 15.0.27130.2036
MinimumVisualStudioVersion = 10.0.40219.1
Project("{FAE04EC0-301F-11D3-BF4B-00C04F79EFBC}") = "p316", "p316\p316.csproj", "{DAE93CDD-0783-4367-9EAF-BA835F25907E}"
EndProject
Global
	GlobalSection(SolutionConfigurationPlatforms) = preSolution
		Debug|Any CPU = Debug|Any CPU
		Release|Any CPU = Release|Any CPU
	EndGlobalSection
	GlobalSection(ProjectConfigurationPlatforms) = postSolution
		{DAE93CDD-0783-4367-9EAF-BA835F25907E}.Debug|Any CPU.ActiveCfg = Debug|Any CPU
		{DAE93CDD-0783-4367-9EAF-BA835F25907E}.Debug|Any CPU.Build.0 = Debug|Any CPU
		{DAE93CDD-0783-4367-9EAF-BA835F25907E}.Release|Any CPU.ActiveCfg = Release|Any CPU
		{DAE93CDD-0783-4367-9EAF-BA835F25907E}.Release|Any CPU.Build.0 = Release|Any CPU
	EndGlobalSection
	GlobalSection(SolutionProperties) = preSolution
		HideSolutionNode = FALSE
	EndGlobalSection
	GlobalSection(ExtensibilityGlobals) = postSolution
		SolutionGuid = {29B31E6F-5A35-47CB-91F8-B36B354103FF}
	EndGlobalSection
EndGlobal
