
Microsoft Visual Studio Solution File, Format Version 12.00
# Visual Studio 15
VisualStudioVersion = 15.0.27130.2036
MinimumVisualStudioVersion = 10.0.40219.1
Project("{FAE04EC0-301F-11D3-BF4B-00C04F79EFBC}") = "p249", "p249\p249.csproj", "{38A139CA-C765-4D13-8834-2282656B85B5}"
EndProject
Global
	GlobalSection(SolutionConfigurationPlatforms) = preSolution
		Debug|Any CPU = Debug|Any CPU
		Release|Any CPU = Release|Any CPU
	EndGlobalSection
	GlobalSection(ProjectConfigurationPlatforms) = postSolution
		{38A139CA-C765-4D13-8834-2282656B85B5}.Debug|Any CPU.ActiveCfg = Debug|Any CPU
		{38A139CA-C765-4D13-8834-2282656B85B5}.Debug|Any CPU.Build.0 = Debug|Any CPU
		{38A139CA-C765-4D13-8834-2282656B85B5}.Release|Any CPU.ActiveCfg = Release|Any CPU
		{38A139CA-C765-4D13-8834-2282656B85B5}.Release|Any CPU.Build.0 = Release|Any CPU
	EndGlobalSection
	GlobalSection(SolutionProperties) = preSolution
		HideSolutionNode = FALSE
	EndGlobalSection
	GlobalSection(ExtensibilityGlobals) = postSolution
		SolutionGuid = {2EC2D913-31F4-43E4-B789-F6726B96AD67}
	EndGlobalSection
EndGlobal
