
Microsoft Visual Studio Solution File, Format Version 12.00
# Visual Studio 15
VisualStudioVersion = 15.0.27130.2036
MinimumVisualStudioVersion = 10.0.40219.1
Project("{FAE04EC0-301F-11D3-BF4B-00C04F79EFBC}") = "p434", "p434\p434.csproj", "{2DE75CCD-820D-4BE7-BA39-EA51172D4EE0}"
EndProject
Global
	GlobalSection(SolutionConfigurationPlatforms) = preSolution
		Debug|Any CPU = Debug|Any CPU
		Release|Any CPU = Release|Any CPU
	EndGlobalSection
	GlobalSection(ProjectConfigurationPlatforms) = postSolution
		{2DE75CCD-820D-4BE7-BA39-EA51172D4EE0}.Debug|Any CPU.ActiveCfg = Debug|Any CPU
		{2DE75CCD-820D-4BE7-BA39-EA51172D4EE0}.Debug|Any CPU.Build.0 = Debug|Any CPU
		{2DE75CCD-820D-4BE7-BA39-EA51172D4EE0}.Release|Any CPU.ActiveCfg = Release|Any CPU
		{2DE75CCD-820D-4BE7-BA39-EA51172D4EE0}.Release|Any CPU.Build.0 = Release|Any CPU
	EndGlobalSection
	GlobalSection(SolutionProperties) = preSolution
		HideSolutionNode = FALSE
	EndGlobalSection
	GlobalSection(ExtensibilityGlobals) = postSolution
		SolutionGuid = {E35B314D-62A8-49EB-A78F-497600EC4E83}
	EndGlobalSection
EndGlobal
