
Microsoft Visual Studio Solution File, Format Version 12.00
# Visual Studio 15
VisualStudioVersion = 15.0.27130.2036
MinimumVisualStudioVersion = 10.0.40219.1
Project("{FAE04EC0-301F-11D3-BF4B-00C04F79EFBC}") = "p759", "p759\p759.csproj", "{74219330-CB5A-41B4-9DE3-020D2A270CF4}"
EndProject
Global
	GlobalSection(SolutionConfigurationPlatforms) = preSolution
		Debug|Any CPU = Debug|Any CPU
		Release|Any CPU = Release|Any CPU
	EndGlobalSection
	GlobalSection(ProjectConfigurationPlatforms) = postSolution
		{74219330-CB5A-41B4-9DE3-020D2A270CF4}.Debug|Any CPU.ActiveCfg = Debug|Any CPU
		{74219330-CB5A-41B4-9DE3-020D2A270CF4}.Debug|Any CPU.Build.0 = Debug|Any CPU
		{74219330-CB5A-41B4-9DE3-020D2A270CF4}.Release|Any CPU.ActiveCfg = Release|Any CPU
		{74219330-CB5A-41B4-9DE3-020D2A270CF4}.Release|Any CPU.Build.0 = Release|Any CPU
	EndGlobalSection
	GlobalSection(SolutionProperties) = preSolution
		HideSolutionNode = FALSE
	EndGlobalSection
	GlobalSection(ExtensibilityGlobals) = postSolution
		SolutionGuid = {42AF3F44-E8CF-43F5-AB95-78EC6D9061CF}
	EndGlobalSection
EndGlobal
