
Microsoft Visual Studio Solution File, Format Version 12.00
# Visual Studio 15
VisualStudioVersion = 15.0.27130.2036
MinimumVisualStudioVersion = 10.0.40219.1
Project("{FAE04EC0-301F-11D3-BF4B-00C04F79EFBC}") = "p413", "p413\p413.csproj", "{41141EDD-6A72-4928-BAFB-F9D2EDB9D287}"
EndProject
Global
	GlobalSection(SolutionConfigurationPlatforms) = preSolution
		Debug|Any CPU = Debug|Any CPU
		Release|Any CPU = Release|Any CPU
	EndGlobalSection
	GlobalSection(ProjectConfigurationPlatforms) = postSolution
		{41141EDD-6A72-4928-BAFB-F9D2EDB9D287}.Debug|Any CPU.ActiveCfg = Debug|Any CPU
		{41141EDD-6A72-4928-BAFB-F9D2EDB9D287}.Debug|Any CPU.Build.0 = Debug|Any CPU
		{41141EDD-6A72-4928-BAFB-F9D2EDB9D287}.Release|Any CPU.ActiveCfg = Release|Any CPU
		{41141EDD-6A72-4928-BAFB-F9D2EDB9D287}.Release|Any CPU.Build.0 = Release|Any CPU
	EndGlobalSection
	GlobalSection(SolutionProperties) = preSolution
		HideSolutionNode = FALSE
	EndGlobalSection
	GlobalSection(ExtensibilityGlobals) = postSolution
		SolutionGuid = {56982A65-F11A-4B19-B612-EEB4126505C3}
	EndGlobalSection
EndGlobal
